// !$*UTF8*$!
{
	archiveVersion = 1;
	classes = {
	};
	objectVersion = 50;
	objects = {

/* Begin PBXBuildFile section */
		1953EEA826292ED7003B1184 /* AppDelegate.swift in Sources */ = {isa = PBXBuildFile; fileRef = 1953EEA726292ED7003B1184 /* AppDelegate.swift */; };
		1953EEAA26292ED7003B1184 /* SceneDelegate.swift in Sources */ = {isa = PBXBuildFile; fileRef = 1953EEA926292ED7003B1184 /* SceneDelegate.swift */; };
		1953EEAC26292ED7003B1184 /* ContentView.swift in Sources */ = {isa = PBXBuildFile; fileRef = 1953EEAB26292ED7003B1184 /* ContentView.swift */; };
		1953EEAF26292ED7003B1184 /* GameAPI.xcdatamodeld in Sources */ = {isa = PBXBuildFile; fileRef = 1953EEAD26292ED7003B1184 /* GameAPI.xcdatamodeld */; };
		1953EEB126292EDA003B1184 /* Assets.xcassets in Resources */ = {isa = PBXBuildFile; fileRef = 1953EEB026292EDA003B1184 /* Assets.xcassets */; };
		1953EEB426292EDA003B1184 /* Preview Assets.xcassets in Resources */ = {isa = PBXBuildFile; fileRef = 1953EEB326292EDA003B1184 /* Preview Assets.xcassets */; };
		1953EEB726292EDA003B1184 /* LaunchScreen.storyboard in Resources */ = {isa = PBXBuildFile; fileRef = 1953EEB526292EDA003B1184 /* LaunchScreen.storyboard */; };
/* End PBXBuildFile section */

/* Begin PBXFileReference section */
		1953EEA426292ED7003B1184 /* GameAPI.app */ = {isa = PBXFileReference; explicitFileType = wrapper.application; includeInIndex = 0; path = GameAPI.app; sourceTree = BUILT_PRODUCTS_DIR; };
		1953EEA726292ED7003B1184 /* AppDelegate.swift */ = {isa = PBXFileReference; lastKnownFileType = sourcecode.swift; path = AppDelegate.swift; sourceTree = "<group>"; };
		1953EEA926292ED7003B1184 /* SceneDelegate.swift */ = {isa = PBXFileReference; lastKnownFileType = sourcecode.swift; path = SceneDelegate.swift; sourceTree = "<group>"; };
		1953EEAB26292ED7003B1184 /* ContentView.swift */ = {isa = PBXFileReference; lastKnownFileType = sourcecode.swift; path = ContentView.swift; sourceTree = "<group>"; };
		1953EEAE26292ED7003B1184 /* GameAPI.xcdatamodel */ = {isa = PBXFileReference; lastKnownFileType = wrapper.xcdatamodel; path = GameAPI.xcdatamodel; sourceTree = "<group>"; };
		1953EEB026292EDA003B1184 /* Assets.xcassets */ = {isa = PBXFileReference; lastKnownFileType = folder.assetcatalog; path = Assets.xcassets; sourceTree = "<group>"; };
		1953EEB326292EDA003B1184 /* Preview Assets.xcassets */ = {isa = PBXFileReference; lastKnownFileType = folder.assetcatalog; path = "Preview Assets.xcassets"; sourceTree = "<group>"; };
		1953EEB626292EDA003B1184 /* Base */ = {isa = PBXFileReference; lastKnownFileType = file.storyboard; name = Base; path = Base.lproj/LaunchScreen.storyboard; sourceTree = "<group>"; };
		1953EEB826292EDA003B1184 /* Info.plist */ = {isa = PBXFileReference; lastKnownFileType = text.plist.xml; path = Info.plist; sourceTree = "<group>"; };
/* End PBXFileReference section */

/* Begin PBXFrameworksBuildPhase section */
		1953EEA126292ED7003B1184 /* Frameworks */ = {
			isa = PBXFrameworksBuildPhase;
			buildActionMask = 2147483647;
			files = (
			);
			runOnlyForDeploymentPostprocessing = 0;
		};
/* End PBXFrameworksBuildPhase section */

/* Begin PBXGroup section */
		1953EE9B26292ED7003B1184 = {
			isa = PBXGroup;
			children = (
				1953EEA626292ED7003B1184 /* GameAPI */,
				1953EEA526292ED7003B1184 /* Products */,
			);
			sourceTree = "<group>";
		};
		1953EEA526292ED7003B1184 /* Products */ = {
			isa = PBXGroup;
			children = (
				1953EEA426292ED7003B1184 /* GameAPI.app */,
			);
			name = Products;
			sourceTree = "<group>";
		};
		1953EEA626292ED7003B1184 /* GameAPI */ = {
			isa = PBXGroup;
			children = (
				1953EEA726292ED7003B1184 /* AppDelegate.swift */,
				1953EEA926292ED7003B1184 /* SceneDelegate.swift */,
				1953EEAB26292ED7003B1184 /* ContentView.swift */,
				1953EEB026292EDA003B1184 /* Assets.xcassets */,
				1953EEB526292EDA003B1184 /* LaunchScreen.storyboard */,
				1953EEB826292EDA003B1184 /* Info.plist */,
				1953EEAD26292ED7003B1184 /* GameAPI.xcdatamodeld */,
				1953EEB226292EDA003B1184 /* Preview Content */,
			);
			path = GameAPI;
			sourceTree = "<group>";
		};
		1953EEB226292EDA003B1184 /* Preview Content */ = {
			isa = PBXGroup;
			children = (
				1953EEB326292EDA003B1184 /* Preview Assets.xcassets */,
			);
			path = "Preview Content";
			sourceTree = "<group>";
		};
/* End PBXGroup section */

/* Begin PBXNativeTarget section */
		1953EEA326292ED7003B1184 /* GameAPI */ = {
			isa = PBXNativeTarget;
			buildConfigurationList = 1953EEBB26292EDA003B1184 /* Build configuration list for PBXNativeTarget "GameAPI" */;
			buildPhases = (
				1953EEA026292ED7003B1184 /* Sources */,
				1953EEA126292ED7003B1184 /* Frameworks */,
				1953EEA226292ED7003B1184 /* Resources */,
			);
			buildRules = (
			);
			dependencies = (
			);
			name = GameAPI;
			productName = GameAPI;
			productReference = 1953EEA426292ED7003B1184 /* GameAPI.app */;
			productType = "com.apple.product-type.application";
		};
/* End PBXNativeTarget section */

/* Begin PBXProject section */
		1953EE9C26292ED7003B1184 /* Project object */ = {
			isa = PBXProject;
			attributes = {
				LastSwiftUpdateCheck = 1200;
				LastUpgradeCheck = 1200;
				TargetAttributes = {
					1953EEA326292ED7003B1184 = {
						CreatedOnToolsVersion = 12.0.1;
					};
				};
			};
			buildConfigurationList = 1953EE9F26292ED7003B1184 /* Build configuration list for PBXProject "GameAPI" */;
			compatibilityVersion = "Xcode 9.3";
			developmentRegion = en;
			hasScannedForEncodings = 0;
			knownRegions = (
				en,
				Base,
			);
			mainGroup = 1953EE9B26292ED7003B1184;
			productRefGroup = 1953EEA526292ED7003B1184 /* Products */;
			projectDirPath = "";
			projectRoot = "";
			targets = (
				1953EEA326292ED7003B1184 /* GameAPI */,
			);
		};
/* End PBXProject section */

/* Begin PBXResourcesBuildPhase section */
		1953EEA226292ED7003B1184 /* Resources */ = {
			isa = PBXResourcesBuildPhase;
			buildActionMask = 2147483647;
			files = (
				1953EEB726292EDA003B1184 /* LaunchScreen.storyboard in Resources */,
				1953EEB426292EDA003B1184 /* Preview Assets.xcassets in Resources */,
				1953EEB126292EDA003B1184 /* Assets.xcassets in Resources */,
			);
			runOnlyForDeploymentPostprocessing = 0;
		};
/* End PBXResourcesBuildPhase section */

/* Begin PBXSourcesBuildPhase section */
		1953EEA026292ED7003B1184 /* Sources */ = {
			isa = PBXSourcesBuildPhase;
			buildActionMask = 2147483647;
			files = (
				1953EEAF26292ED7003B1184 /* GameAPI.xcdatamodeld in Sources */,
				1953EEA826292ED7003B1184 /* AppDelegate.swift in Sources */,
				1953EEAA26292ED7003B1184 /* SceneDelegate.swift in Sources */,
				1953EEAC26292ED7003B1184 /* ContentView.swift in Sources */,
			);
			runOnlyForDeploymentPostprocessing = 0;
		};
/* End PBXSourcesBuildPhase section */

/* Begin PBXVariantGroup section */
		1953EEB526292EDA003B1184 /* LaunchScreen.storyboard */ = {
			isa = PBXVariantGroup;
			children = (
				1953EEB626292EDA003B1184 /* Base */,
			);
			name = LaunchScreen.storyboard;
			sourceTree = "<group>";
		};
/* End PBXVariantGroup section */

/* Begin XCBuildConfiguration section */
		1953EEB926292EDA003B1184 /* Debug */ = {
			isa = XCBuildConfiguration;
			buildSettings = {
				ALWAYS_SEARCH_USER_PATHS = NO;
				CLANG_ANALYZER_NONNULL = YES;
				CLANG_ANALYZER_NUMBER_OBJECT_CONVERSION = YES_AGGRESSIVE;
				CLANG_CXX_LANGUAGE_STANDARD = "gnu++14";
				CLANG_CXX_LIBRARY = "libc++";
				CLANG_ENABLE_MODULES = YES;
				CLANG_ENABLE_OBJC_ARC = YES;
				CLANG_ENABLE_OBJC_WEAK = YES;
				CLANG_WARN_BLOCK_CAPTURE_AUTORELEASING = YES;
				CLANG_WARN_BOOL_CONVERSION = YES;
				CLANG_WARN_COMMA = YES;
				CLANG_WARN_CONSTANT_CONVERSION = YES;
				CLANG_WARN_DEPRECATED_OBJC_IMPLEMENTATIONS = YES;
				CLANG_WARN_DIRECT_OBJC_ISA_USAGE = YES_ERROR;
				CLANG_WARN_DOCUMENTATION_COMMENTS = YES;
				CLANG_WARN_EMPTY_BODY = YES;
				CLANG_WARN_ENUM_CONVERSION = YES;
				CLANG_WARN_INFINITE_RECURSION = YES;
				CLANG_WARN_INT_CONVERSION = YES;
				CLANG_WARN_NON_LITERAL_NULL_CONVERSION = YES;
				CLANG_WARN_OBJC_IMPLICIT_RETAIN_SELF = YES;
				CLANG_WARN_OBJC_LITERAL_CONVERSION = YES;
				CLANG_WARN_OBJC_ROOT_CLASS = YES_ERROR;
				CLANG_WARN_QUOTED_INCLUDE_IN_FRAMEWORK_HEADER = YES;
				CLANG_WARN_RANGE_LOOP_ANALYSIS = YES;
				CLANG_WARN_STRICT_PROTOTYPES = YES;
				CLANG_WARN_SUSPICIOUS_MOVE = YES;
				CLANG_WARN_UNGUARDED_AVAILABILITY = YES_AGGRESSIVE;
				CLANG_WARN_UNREACHABLE_CODE = YES;
				CLANG_WARN__DUPLICATE_METHOD_MATCH = YES;
				COPY_PHASE_STRIP = NO;
				DEBUG_INFORMATION_FORMAT = dwarf;
				ENABLE_STRICT_OBJC_MSGSEND = YES;
				ENABLE_TESTABILITY = YES;
				GCC_C_LANGUAGE_STANDARD = gnu11;
				GCC_DYNAMIC_NO_PIC = NO;
				GCC_NO_COMMON_BLOCKS = YES;
				GCC_OPTIMIZATION_LEVEL = 0;
				GCC_PREPROCESSOR_DEFINITIONS = (
					"DEBUG=1",
					"$(inherited)",
				);
				GCC_WARN_64_TO_32_BIT_CONVERSION = YES;
				GCC_WARN_ABOUT_RETURN_TYPE = YES_ERROR;
				GCC_WARN_UNDECLARED_SELECTOR = YES;
				GCC_WARN_UNINITIALIZED_AUTOS = YES_AGGRESSIVE;
				GCC_WARN_UNUSED_FUNCTION = YES;
				GCC_WARN_UNUSED_VARIABLE = YES;
				IPHONEOS_DEPLOYMENT_TARGET = 14.0;
				MTL_ENABLE_DEBUG_INFO = INCLUDE_SOURCE;
				MTL_FAST_MATH = YES;
				ONLY_ACTIVE_ARCH = YES;
				SDKROOT = iphoneos;
				SWIFT_ACTIVE_COMPILATION_CONDITIONS = DEBUG;
				SWIFT_OPTIMIZATION_LEVEL = "-Onone";
			};
			name = Debug;
		};
		1953EEBA26292EDA003B1184 /* Release */ = {
			isa = XCBuildConfiguration;
			buildSettings = {
				ALWAYS_SEARCH_USER_PATHS = NO;
				CLANG_ANALYZER_NONNULL = YES;
				CLANG_ANALYZER_NUMBER_OBJECT_CONVERSION = YES_AGGRESSIVE;
				CLANG_CXX_LANGUAGE_STANDARD = "gnu++14";
				CLANG_CXX_LIBRARY = "libc++";
				CLANG_ENABLE_MODULES = YES;
				CLANG_ENABLE_OBJC_ARC = YES;
				CLANG_ENABLE_OBJC_WEAK = YES;
				CLANG_WARN_BLOCK_CAPTURE_AUTORELEASING = YES;
				CLANG_WARN_BOOL_CONVERSION = YES;
				CLANG_WARN_COMMA = YES;
				CLANG_WARN_CONSTANT_CONVERSION = YES;
				CLANG_WARN_DEPRECATED_OBJC_IMPLEMENTATIONS = YES;
				CLANG_WARN_DIRECT_OBJC_ISA_USAGE = YES_ERROR;
				CLANG_WARN_DOCUMENTATION_COMMENTS = YES;
				CLANG_WARN_EMPTY_BODY = YES;
				CLANG_WARN_ENUM_CONVERSION = YES;
				CLANG_WARN_INFINITE_RECURSION = YES;
				CLANG_WARN_INT_CONVERSION = YES;
				CLANG_WARN_NON_LITERAL_NULL_CONVERSION = YES;
				CLANG_WARN_OBJC_IMPLICIT_RETAIN_SELF = YES;
				CLANG_WARN_OBJC_LITERAL_CONVERSION = YES;
				CLANG_WARN_OBJC_ROOT_CLASS = YES_ERROR;
				CLANG_WARN_QUOTED_INCLUDE_IN_FRAMEWORK_HEADER = YES;
				CLANG_WARN_RANGE_LOOP_ANALYSIS = YES;
				CLANG_WARN_STRICT_PROTOTYPES = YES;
				CLANG_WARN_SUSPICIOUS_MOVE = YES;
				CLANG_WARN_UNGUARDED_AVAILABILITY = YES_AGGRESSIVE;
				CLANG_WARN_UNREACHABLE_CODE = YES;
				CLANG_WARN__DUPLICATE_METHOD_MATCH = YES;
				COPY_PHASE_STRIP = NO;
				DEBUG_INFORMATION_FORMAT = "dwarf-with-dsym";
				ENABLE_NS_ASSERTIONS = NO;
				ENABLE_STRICT_OBJC_MSGSEND = YES;
				GCC_C_LANGUAGE_STANDARD = gnu11;
				GCC_NO_COMMON_BLOCKS = YES;
				GCC_WARN_64_TO_32_BIT_CONVERSION = YES;
				GCC_WARN_ABOUT_RETURN_TYPE = YES_ERROR;
				GCC_WARN_UNDECLARED_SELECTOR = YES;
				GCC_WARN_UNINITIALIZED_AUTOS = YES_AGGRESSIVE;
				GCC_WARN_UNUSED_FUNCTION = YES;
				GCC_WARN_UNUSED_VARIABLE = YES;
				IPHONEOS_DEPLOYMENT_TARGET = 14.0;
				MTL_ENABLE_DEBUG_INFO = NO;
				MTL_FAST_MATH = YES;
				SDKROOT = iphoneos;
				SWIFT_COMPILATION_MODE = wholemodule;
				SWIFT_OPTIMIZATION_LEVEL = "-O";
				VALIDATE_PRODUCT = YES;
			};
			name = Release;
		};
		1953EEBC26292EDA003B1184 /* Debug */ = {
			isa = XCBuildConfiguration;
			buildSettings = {
				ASSETCATALOG_COMPILER_APPICON_NAME = AppIcon;
				ASSETCATALOG_COMPILER_GLOBAL_ACCENT_COLOR_NAME = AccentColor;
				CODE_SIGN_STYLE = Automatic;
				DEVELOPMENT_ASSET_PATHS = "\"GameAPI/Preview Content\"";
				DEVELOPMENT_TEAM = 976966HLRZ;
				ENABLE_PREVIEWS = YES;
				INFOPLIST_FILE = GameAPI/Info.plist;
				LD_RUNPATH_SEARCH_PATHS = (
					"$(inherited)",
					"@executable_path/Frameworks",
				);
				PRODUCT_BUNDLE_IDENTIFIER = TeamSan3.GameAPI;
				PRODUCT_NAME = "$(TARGET_NAME)";
				SWIFT_VERSION = 5.0;
				TARGETED_DEVICE_FAMILY = "1,2";
			};
			name = Debug;
		};
		1953EEBD26292EDA003B1184 /* Release */ = {
			isa = XCBuildConfiguration;
			buildSettings = {
				ASSETCATALOG_COMPILER_APPICON_NAME = AppIcon;
				ASSETCATALOG_COMPILER_GLOBAL_ACCENT_COLOR_NAME = AccentColor;
				CODE_SIGN_STYLE = Automatic;
				DEVELOPMENT_ASSET_PATHS = "\"GameAPI/Preview Content\"";
				DEVELOPMENT_TEAM = 976966HLRZ;
				ENABLE_PREVIEWS = YES;
				INFOPLIST_FILE = GameAPI/Info.plist;
				LD_RUNPATH_SEARCH_PATHS = (
					"$(inherited)",
					"@executable_path/Frameworks",
				);
				PRODUCT_BUNDLE_IDENTIFIER = TeamSan3.GameAPI;
				PRODUCT_NAME = "$(TARGET_NAME)";
				SWIFT_VERSION = 5.0;
				TARGETED_DEVICE_FAMILY = "1,2";
			};
			name = Release;
		};
/* End XCBuildConfiguration section */

/* Begin XCConfigurationList section */
		1953EE9F26292ED7003B1184 /* Build configuration list for PBXProject "GameAPI" */ = {
			isa = XCConfigurationList;
			buildConfigurations = (
				1953EEB926292EDA003B1184 /* Debug */,
				1953EEBA26292EDA003B1184 /* Release */,
			);
			defaultConfigurationIsVisible = 0;
			defaultConfigurationName = Release;
		};
		1953EEBB26292EDA003B1184 /* Build configuration list for PBXNativeTarget "GameAPI" */ = {
			isa = XCConfigurationList;
			buildConfigurations = (
				1953EEBC26292EDA003B1184 /* Debug */,
				1953EEBD26292EDA003B1184 /* Release */,
			);
			defaultConfigurationIsVisible = 0;
			defaultConfigurationName = Release;
		};
/* End XCConfigurationList section */

/* Begin XCVersionGroup section */
		1953EEAD26292ED7003B1184 /* GameAPI.xcdatamodeld */ = {
			isa = XCVersionGroup;
			children = (
				1953EEAE26292ED7003B1184 /* GameAPI.xcdatamodel */,
			);
			currentVersion = 1953EEAE26292ED7003B1184 /* GameAPI.xcdatamodel */;
			path = GameAPI.xcdatamodeld;
			sourceTree = "<group>";
			versionGroupType = wrapper.xcdatamodel;
		};
/* End XCVersionGroup section */
	};
	rootObject = 1953EE9C26292ED7003B1184 /* Project object */;
}
